
Microsoft Visual Studio Solution File, Format Version 12.00
# Visual Studio 15
VisualStudioVersion = 15.0.27428.2002
MinimumVisualStudioVersion = 10.0.40219.1
Project("{FAE04EC0-301F-11D3-BF4B-00C04F79EFBC}") = "Sleep Timer", "Sleep Timer\Sleep Timer.csproj", "{91412905-57CD-4C76-B3D6-D1FA6D6F4E15}"
EndProject
Global
	GlobalSection(SolutionConfigurationPlatforms) = preSolution
		Debug|Any CPU = Debug|Any CPU
		Release|Any CPU = Release|Any CPU
	EndGlobalSection
	GlobalSection(ProjectConfigurationPlatforms) = postSolution
		{91412905-57CD-4C76-B3D6-D1FA6D6F4E15}.Debug|Any CPU.ActiveCfg = Debug|Any CPU
		{91412905-57CD-4C76-B3D6-D1FA6D6F4E15}.Debug|Any CPU.Build.0 = Debug|Any CPU
		{91412905-57CD-4C76-B3D6-D1FA6D6F4E15}.Release|Any CPU.ActiveCfg = Release|Any CPU
		{91412905-57CD-4C76-B3D6-D1FA6D6F4E15}.Release|Any CPU.Build.0 = Release|Any CPU
	EndGlobalSection
	GlobalSection(SolutionProperties) = preSolution
		HideSolutionNode = FALSE
	EndGlobalSection
	GlobalSection(ExtensibilityGlobals) = postSolution
		SolutionGuid = {AEA226E6-2423-43B8-9FAF-783B9E70CC9D}
	EndGlobalSection
EndGlobal
